
Microsoft Visual Studio Solution File, Format Version 12.00
# Visual Studio Version 16
VisualStudioVersion = 16.0.31019.35
MinimumVisualStudioVersion = 10.0.40219.1
Project("{FAE04EC0-301F-11D3-BF4B-00C04F79EFBC}") = "Diplom", "Diplom\Diplom.csproj", "{C0878A06-DAFA-4275-A808-38FE62010B08}"
EndProject
Project("{FAE04EC0-301F-11D3-BF4B-00C04F79EFBC}") = "DataAccess", "DataAccess\DataAccess.csproj", "{DD7D0100-E9A0-4932-A727-0B0D65A7002D}"
EndProject
Project("{FAE04EC0-301F-11D3-BF4B-00C04F79EFBC}") = "OAuth", "OAuth\OAuth.csproj", "{A4835486-6FBD-4AAA-81BE-F58DA1B9A743}"
EndProject
Project("{FAE04EC0-301F-11D3-BF4B-00C04F79EFBC}") = "Common", "Common\Common.csproj", "{3AF52FF9-8656-4A0A-AE99-F6F10F08BD52}"
EndProject
Global
	GlobalSection(SolutionConfigurationPlatforms) = preSolution
		Debug|Any CPU = Debug|Any CPU
		Release|Any CPU = Release|Any CPU
	EndGlobalSection
	GlobalSection(ProjectConfigurationPlatforms) = postSolution
		{C0878A06-DAFA-4275-A808-38FE62010B08}.Debug|Any CPU.ActiveCfg = Debug|Any CPU
		{C0878A06-DAFA-4275-A808-38FE62010B08}.Debug|Any CPU.Build.0 = Debug|Any CPU
		{C0878A06-DAFA-4275-A808-38FE62010B08}.Release|Any CPU.ActiveCfg = Release|Any CPU
		{C0878A06-DAFA-4275-A808-38FE62010B08}.Release|Any CPU.Build.0 = Release|Any CPU
		{DD7D0100-E9A0-4932-A727-0B0D65A7002D}.Debug|Any CPU.ActiveCfg = Debug|Any CPU
		{DD7D0100-E9A0-4932-A727-0B0D65A7002D}.Debug|Any CPU.Build.0 = Debug|Any CPU
		{DD7D0100-E9A0-4932-A727-0B0D65A7002D}.Release|Any CPU.ActiveCfg = Release|Any CPU
		{DD7D0100-E9A0-4932-A727-0B0D65A7002D}.Release|Any CPU.Build.0 = Release|Any CPU
		{A4835486-6FBD-4AAA-81BE-F58DA1B9A743}.Debug|Any CPU.ActiveCfg = Debug|Any CPU
		{A4835486-6FBD-4AAA-81BE-F58DA1B9A743}.Debug|Any CPU.Build.0 = Debug|Any CPU
		{A4835486-6FBD-4AAA-81BE-F58DA1B9A743}.Release|Any CPU.ActiveCfg = Release|Any CPU
		{A4835486-6FBD-4AAA-81BE-F58DA1B9A743}.Release|Any CPU.Build.0 = Release|Any CPU
		{3AF52FF9-8656-4A0A-AE99-F6F10F08BD52}.Debug|Any CPU.ActiveCfg = Debug|Any CPU
		{3AF52FF9-8656-4A0A-AE99-F6F10F08BD52}.Debug|Any CPU.Build.0 = Debug|Any CPU
		{3AF52FF9-8656-4A0A-AE99-F6F10F08BD52}.Release|Any CPU.ActiveCfg = Release|Any CPU
		{3AF52FF9-8656-4A0A-AE99-F6F10F08BD52}.Release|Any CPU.Build.0 = Release|Any CPU
	EndGlobalSection
	GlobalSection(SolutionProperties) = preSolution
		HideSolutionNode = FALSE
	EndGlobalSection
	GlobalSection(ExtensibilityGlobals) = postSolution
		SolutionGuid = {875EFD91-2C5B-4C9D-A6C9-F12A9E2B4134}
	EndGlobalSection
EndGlobal
